[[package]]
name = "appnope"
version = "0.1.3"
description = "Disable App Nap on macOS >= 10.9"
category = "dev"
optional = false
python-versions = "*"

[[package]]
name = "asttokens"
version = "2.0.5"
description = "Annotate AST trees with source code positions"
category = "dev"
optional = false
python-versions = "*"

[package.dependencies]
six = "*"

[package.extras]
test = ["astroid", "pytest"]

[[package]]
name = "backcall"
version = "0.2.0"
description = "Specifications for callback functions passed in to an API"
category = "dev"
optional = false
python-versions = "*"

[[package]]
name = "cffi"
version = "1.15.1"
description = "Foreign Function Interface for Python calling C code."
category = "dev"
optional = false
python-versions = "*"

[package.dependencies]
pycparser = "*"

[[package]]
name = "colorama"
version = "0.4.5"
description = "Cross-platform colored terminal text."
category = "dev"
optional = false
python-versions = ">=2.7, !=3.0.*, !=3.1.*, !=3.2.*, !=3.3.*, !=3.4.*"

[[package]]
name = "cycler"
version = "0.11.0"
description = "Composable style cycles"
category = "main"
optional = false
python-versions = ">=3.6"

[[package]]
name = "debugpy"
version = "1.6.2"
description = "An implementation of the Debug Adapter Protocol for Python"
category = "dev"
optional = false
python-versions = ">=3.7"

[[package]]
name = "decorator"
version = "5.1.1"
description = "Decorators for Humans"
category = "dev"
optional = false
python-versions = ">=3.5"

[[package]]
name = "entrypoints"
version = "0.4"
description = "Discover and load entry points from installed packages."
category = "dev"
optional = false
python-versions = ">=3.6"

[[package]]
name = "et-xmlfile"
version = "1.1.0"
description = "An implementation of lxml.xmlfile for the standard library"
category = "main"
optional = false
python-versions = ">=3.6"

[[package]]
name = "executing"
version = "0.9.0"
description = "Get the currently executing AST node of a frame, and other information"
category = "dev"
optional = false
python-versions = "*"

[[package]]
name = "fonttools"
version = "4.34.4"
description = "Tools to manipulate font files"
category = "main"
optional = false
python-versions = ">=3.7"

[package.extras]
all = ["fs (>=2.2.0,<3)", "lxml (>=4.0,<5)", "zopfli (>=0.1.4)", "lz4 (>=1.7.4.2)", "matplotlib", "sympy", "skia-pathops (>=0.5.0)", "uharfbuzz (>=0.23.0)", "brotlicffi (>=0.8.0)", "scipy", "brotli (>=1.0.1)", "munkres", "unicodedata2 (>=14.0.0)", "xattr"]
graphite = ["lz4 (>=1.7.4.2)"]
interpolatable = ["scipy", "munkres"]
lxml = ["lxml (>=4.0,<5)"]
pathops = ["skia-pathops (>=0.5.0)"]
plot = ["matplotlib"]
repacker = ["uharfbuzz (>=0.23.0)"]
symfont = ["sympy"]
type1 = ["xattr"]
ufo = ["fs (>=2.2.0,<3)"]
unicode = ["unicodedata2 (>=14.0.0)"]
woff = ["zopfli (>=0.1.4)", "brotlicffi (>=0.8.0)", "brotli (>=1.0.1)"]

[[package]]
name = "ipykernel"
version = "6.15.1"
description = "IPython Kernel for Jupyter"
category = "dev"
optional = false
python-versions = ">=3.7"

[package.dependencies]
appnope = {version = "*", markers = "platform_system == \"Darwin\""}
debugpy = ">=1.0"
ipython = ">=7.23.1"
jupyter-client = ">=6.1.12"
matplotlib-inline = ">=0.1"
nest-asyncio = "*"
packaging = "*"
psutil = "*"
pyzmq = ">=17"
tornado = ">=6.1"
traitlets = ">=5.1.0"

[package.extras]
test = ["flaky", "ipyparallel", "pre-commit", "pytest-cov", "pytest-timeout", "pytest (>=6.0)"]

[[package]]
name = "ipython"
version = "8.4.0"
description = "IPython: Productive Interactive Computing"
category = "dev"
optional = false
python-versions = ">=3.8"

[package.dependencies]
appnope = {version = "*", markers = "sys_platform == \"darwin\""}
backcall = "*"
colorama = {version = "*", markers = "sys_platform == \"win32\""}
decorator = "*"
jedi = ">=0.16"
matplotlib-inline = "*"
pexpect = {version = ">4.3", markers = "sys_platform != \"win32\""}
pickleshare = "*"
prompt-toolkit = ">=2.0.0,<3.0.0 || >3.0.0,<3.0.1 || >3.0.1,<3.1.0"
pygments = ">=2.4.0"
stack-data = "*"
traitlets = ">=5"

[package.extras]
all = ["black", "Sphinx (>=1.3)", "ipykernel", "nbconvert", "nbformat", "ipywidgets", "notebook", "ipyparallel", "qtconsole", "pytest (<7.1)", "pytest-asyncio", "testpath", "curio", "matplotlib (!=3.2.0)", "numpy (>=1.19)", "pandas", "trio"]
black = ["black"]
doc = ["Sphinx (>=1.3)"]
kernel = ["ipykernel"]
nbconvert = ["nbconvert"]
nbformat = ["nbformat"]
notebook = ["ipywidgets", "notebook"]
parallel = ["ipyparallel"]
qtconsole = ["qtconsole"]
test = ["pytest (<7.1)", "pytest-asyncio", "testpath"]
test_extra = ["pytest (<7.1)", "pytest-asyncio", "testpath", "curio", "matplotlib (!=3.2.0)", "nbformat", "numpy (>=1.19)", "pandas", "trio"]

[[package]]
name = "jedi"
version = "0.18.1"
description = "An autocompletion tool for Python that can be used for text editors."
category = "dev"
optional = false
python-versions = ">=3.6"

[package.dependencies]
parso = ">=0.8.0,<0.9.0"

[package.extras]
qa = ["flake8 (==3.8.3)", "mypy (==0.782)"]
testing = ["Django (<3.1)", "colorama", "docopt", "pytest (<7.0.0)"]

[[package]]
name = "jupyter-client"
version = "7.3.4"
description = "Jupyter protocol implementation and client libraries"
category = "dev"
optional = false
python-versions = ">=3.7"

[package.dependencies]
entrypoints = "*"
jupyter-core = ">=4.9.2"
nest-asyncio = ">=1.5.4"
python-dateutil = ">=2.8.2"
pyzmq = ">=23.0"
tornado = ">=6.0"
traitlets = "*"

[package.extras]
doc = ["ipykernel", "myst-parser", "sphinx-rtd-theme", "sphinx (>=1.3.6)", "sphinxcontrib-github-alt"]
test = ["codecov", "coverage", "ipykernel (>=6.5)", "ipython", "mypy", "pre-commit", "pytest", "pytest-asyncio (>=0.18)", "pytest-cov", "pytest-timeout"]

[[package]]
name = "jupyter-core"
version = "4.11.1"
description = "Jupyter core package. A base package on which Jupyter projects rely."
category = "dev"
optional = false
python-versions = ">=3.7"

[package.dependencies]
pywin32 = {version = ">=1.0", markers = "sys_platform == \"win32\" and platform_python_implementation != \"PyPy\""}
traitlets = "*"

[package.extras]
test = ["ipykernel", "pre-commit", "pytest", "pytest-cov", "pytest-timeout"]

[[package]]
name = "kiwisolver"
version = "1.4.4"
description = "A fast implementation of the Cassowary constraint solver"
category = "main"
optional = false
python-versions = ">=3.7"

[[package]]
name = "matplotlib"
version = "3.5.2"
description = "Python plotting package"
category = "main"
optional = false
python-versions = ">=3.7"

[package.dependencies]
cycler = ">=0.10"
fonttools = ">=4.22.0"
kiwisolver = ">=1.0.1"
numpy = ">=1.17"
packaging = ">=20.0"
pillow = ">=6.2.0"
pyparsing = ">=2.2.1"
python-dateutil = ">=2.7"
setuptools_scm = ">=4"

[[package]]
name = "matplotlib-inline"
version = "0.1.3"
description = "Inline Matplotlib backend for Jupyter"
category = "dev"
optional = false
python-versions = ">=3.5"

[package.dependencies]
traitlets = "*"

[[package]]
name = "mplfinance"
version = "0.12.9b1"
description = "Utilities for the visualization, and visual analysis, of financial data"
category = "main"
optional = false
python-versions = "*"

[package.dependencies]
matplotlib = "*"
pandas = "*"

[[package]]
name = "nest-asyncio"
version = "1.5.5"
description = "Patch asyncio to allow nested event loops"
category = "dev"
optional = false
python-versions = ">=3.5"

[[package]]
name = "numpy"
version = "1.23.1"
description = "NumPy is the fundamental package for array computing with Python."
category = "main"
optional = false
python-versions = ">=3.8"

[[package]]
name = "openpyxl"
version = "3.0.10"
description = "A Python library to read/write Excel 2010 xlsx/xlsm files"
category = "main"
optional = false
python-versions = ">=3.6"

[package.dependencies]
et-xmlfile = "*"

[[package]]
name = "packaging"
version = "21.3"
description = "Core utilities for Python packages"
category = "main"
optional = false
python-versions = ">=3.6"

[package.dependencies]
pyparsing = ">=2.0.2,<3.0.5 || >3.0.5"

[[package]]
name = "pandas"
version = "1.4.3"
description = "Powerful data structures for data analysis, time series, and statistics"
category = "main"
optional = false
python-versions = ">=3.8"

[package.dependencies]
numpy = [
    {version = ">=1.18.5", markers = "platform_machine != \"aarch64\" and platform_machine != \"arm64\" and python_version < \"3.10\""},
    {version = ">=1.19.2", markers = "platform_machine == \"aarch64\" and python_version < \"3.10\""},
    {version = ">=1.20.0", markers = "platform_machine == \"arm64\" and python_version < \"3.10\""},
    {version = ">=1.21.0", markers = "python_version >= \"3.10\""},
]
python-dateutil = ">=2.8.1"
pytz = ">=2020.1"

[package.extras]
test = ["hypothesis (>=5.5.3)", "pytest (>=6.0)", "pytest-xdist (>=1.31)"]

[[package]]
name = "parso"
version = "0.8.3"
description = "A Python Parser"
category = "dev"
optional = false
python-versions = ">=3.6"

[package.extras]
qa = ["flake8 (==3.8.3)", "mypy (==0.782)"]
testing = ["docopt", "pytest (<6.0.0)"]

[[package]]
name = "pexpect"
version = "4.8.0"
description = "Pexpect allows easy control of interactive console applications."
category = "dev"
optional = false
python-versions = "*"

[package.dependencies]
ptyprocess = ">=0.5"

[[package]]
name = "pickleshare"
version = "0.7.5"
description = "Tiny 'shelve'-like database with concurrency support"
category = "dev"
optional = false
python-versions = "*"

[[package]]
name = "pillow"
version = "9.2.0"
description = "Python Imaging Library (Fork)"
category = "main"
optional = false
python-versions = ">=3.7"

[package.extras]
docs = ["furo", "olefile", "sphinx (>=2.4)", "sphinx-copybutton", "sphinx-issues (>=3.0.1)", "sphinx-removed-in", "sphinxext-opengraph"]
tests = ["check-manifest", "coverage", "defusedxml", "markdown2", "olefile", "packaging", "pyroma", "pytest", "pytest-cov", "pytest-timeout"]

[[package]]
name = "prompt-toolkit"
version = "3.0.30"
description = "Library for building powerful interactive command lines in Python"
category = "dev"
optional = false
python-versions = ">=3.6.2"

[package.dependencies]
wcwidth = "*"

[[package]]
name = "psutil"
version = "5.9.1"
description = "Cross-platform lib for process and system monitoring in Python."
category = "dev"
optional = false
python-versions = ">=2.7, !=3.0.*, !=3.1.*, !=3.2.*, !=3.3.*"

[package.extras]
test = ["ipaddress", "mock", "enum34", "pywin32", "wmi"]

[[package]]
name = "ptyprocess"
version = "0.7.0"
description = "Run a subprocess in a pseudo terminal"
category = "dev"
optional = false
python-versions = "*"

[[package]]
name = "pure-eval"
version = "0.2.2"
description = "Safely evaluate AST nodes without side effects"
category = "dev"
optional = false
python-versions = "*"

[package.extras]
tests = ["pytest"]

[[package]]
name = "py"
version = "1.11.0"
description = "library with cross-python path, ini-parsing, io, code, log facilities"
category = "dev"
optional = false
python-versions = ">=2.7, !=3.0.*, !=3.1.*, !=3.2.*, !=3.3.*, !=3.4.*"

[[package]]
name = "pycparser"
version = "2.21"
description = "C parser in Python"
category = "dev"
optional = false
python-versions = ">=2.7, !=3.0.*, !=3.1.*, !=3.2.*, !=3.3.*"

[[package]]
name = "pygments"
version = "2.12.0"
description = "Pygments is a syntax highlighting package written in Python."
category = "dev"
optional = false
python-versions = ">=3.6"

[[package]]
name = "pyparsing"
version = "3.0.9"
description = "pyparsing module - Classes and methods to define and execute parsing grammars"
category = "main"
optional = false
python-versions = ">=3.6.8"

[package.extras]
diagrams = ["railroad-diagrams", "jinja2"]

[[package]]
name = "pyside2"
version = "5.15.2.1"
description = "Python bindings for the Qt cross-platform application and UI framework"
category = "main"
optional = false
python-versions = ">=2.7, !=3.0.*, !=3.1.*, !=3.2.*, !=3.3.*, !=3.4.*, <3.11"

[package.dependencies]
shiboken2 = "5.15.2.1"

[[package]]
name = "python-dateutil"
version = "2.8.2"
description = "Extensions to the standard Python datetime module"
category = "main"
optional = false
python-versions = "!=3.0.*,!=3.1.*,!=3.2.*,>=2.7"

[package.dependencies]
six = ">=1.5"

[[package]]
name = "pytz"
version = "2022.2.1"
description = "World timezone definitions, modern and historical"
category = "main"
optional = false
python-versions = "*"

[[package]]
name = "pywin32"
version = "304"
description = "Python for Window Extensions"
category = "dev"
optional = false
python-versions = "*"

[[package]]
name = "pyzmq"
version = "23.2.0"
description = "Python bindings for 0MQ"
category = "dev"
optional = false
python-versions = ">=3.6"

[package.dependencies]
cffi = {version = "*", markers = "implementation_name == \"pypy\""}
py = {version = "*", markers = "implementation_name == \"pypy\""}

[[package]]
name = "setuptools-scm"
version = "7.0.5"
description = "the blessed package to manage your versions by scm tags"
category = "main"
optional = false
python-versions = ">=3.7"

[package.dependencies]
packaging = ">=20.0"
tomli = ">=1.0.0"
typing-extensions = "*"

[package.extras]
test = ["pytest (>=6.2)", "virtualenv (>20)"]
toml = ["setuptools (>=42)"]

[[package]]
name = "shiboken2"
version = "5.15.2.1"
description = "Python / C++ bindings helper module"
category = "main"
optional = false
python-versions = ">=2.7, !=3.0.*, !=3.1.*, !=3.2.*, !=3.3.*, !=3.4.*, <3.11"

[[package]]
name = "six"
version = "1.16.0"
description = "Python 2 and 3 compatibility utilities"
category = "main"
optional = false
python-versions = ">=2.7, !=3.0.*, !=3.1.*, !=3.2.*"

[[package]]
name = "stack-data"
version = "0.3.0"
description = "Extract data from python stack frames and tracebacks for informative displays"
category = "dev"
optional = false
python-versions = "*"

[package.dependencies]
asttokens = "*"
executing = "*"
pure-eval = "*"

[package.extras]
tests = ["pytest", "typeguard", "pygments", "littleutils", "cython"]

[[package]]
name = "tomli"
version = "2.0.1"
description = "A lil' TOML parser"
category = "main"
optional = false
python-versions = ">=3.7"

[[package]]
name = "tornado"
version = "6.2"
description = "Tornado is a Python web framework and asynchronous networking library, originally developed at FriendFeed."
category = "dev"
optional = false
python-versions = ">= 3.7"

[[package]]
name = "traitlets"
version = "5.3.0"
description = ""
category = "dev"
optional = false
python-versions = ">=3.7"

[package.extras]
test = ["pre-commit", "pytest"]

[[package]]
name = "typing-extensions"
version = "4.3.0"
description = "Backported and Experimental Type Hints for Python 3.7+"
category = "main"
optional = false
python-versions = ">=3.7"

[[package]]
name = "wcwidth"
version = "0.2.5"
description = "Measures the displayed width of unicode strings in a terminal"
category = "dev"
optional = false
python-versions = "*"

[metadata]
lock-version = "1.1"
python-versions = ">=3.9,<3.11"
content-hash = "264232174608c2ce0651e5a0206b4284daa0db5537d64e4b6b715a8fb6e1c825"

[metadata.files]
appnope = [
    {file = "appnope-0.1.3-py2.py3-none-any.whl", hash = "sha256:265a455292d0bd8a72453494fa24df5a11eb18373a60c7c0430889f22548605e"},
    {file = "appnope-0.1.3.tar.gz", hash = "sha256:02bd91c4de869fbb1e1c50aafc4098827a7a54ab2f39d9dcba6c9547ed920e24"},
]
asttokens = [
    {file = "asttokens-2.0.5-py2.py3-none-any.whl", hash = "sha256:0844691e88552595a6f4a4281a9f7f79b8dd45ca4ccea82e5e05b4bbdb76705c"},
    {file = "asttokens-2.0.5.tar.gz", hash = "sha256:9a54c114f02c7a9480d56550932546a3f1fe71d8a02f1bc7ccd0ee3ee35cf4d5"},
]
backcall = [
    {file = "backcall-0.2.0-py2.py3-none-any.whl", hash = "sha256:fbbce6a29f263178a1f7915c1940bde0ec2b2a967566fe1c65c1dfb7422bd255"},
    {file = "backcall-0.2.0.tar.gz", hash = "sha256:5cbdbf27be5e7cfadb448baf0aa95508f91f2bbc6c6437cd9cd06e2a4c215e1e"},
]
cffi = []
colorama = [
    {file = "colorama-0.4.5-py2.py3-none-any.whl", hash = "sha256:854bf444933e37f5824ae7bfc1e98d5bce2ebe4160d46b5edf346a89358e99da"},
    {file = "colorama-0.4.5.tar.gz", hash = "sha256:e6c6b4334fc50988a639d9b98aa429a0b57da6e17b9a44f0451f930b6967b7a4"},
]
cycler = []
debugpy = []
decorator = [
    {file = "decorator-5.1.1-py3-none-any.whl", hash = "sha256:b8c3f85900b9dc423225913c5aace94729fe1fa9763b38939a95226f02d37186"},
    {file = "decorator-5.1.1.tar.gz", hash = "sha256:637996211036b6385ef91435e4fae22989472f9d571faba8927ba8253acbc330"},
]
entrypoints = [
    {file = "entrypoints-0.4-py3-none-any.whl", hash = "sha256:f174b5ff827504fd3cd97cc3f8649f3693f51538c7e4bdf3ef002c8429d42f9f"},
    {file = "entrypoints-0.4.tar.gz", hash = "sha256:b706eddaa9218a19ebcd67b56818f05bb27589b1ca9e8d797b74affad4ccacd4"},
]
et-xmlfile = [
    {file = "et_xmlfile-1.1.0-py3-none-any.whl", hash = "sha256:a2ba85d1d6a74ef63837eed693bcb89c3f752169b0e3e7ae5b16ca5e1b3deada"},
    {file = "et_xmlfile-1.1.0.tar.gz", hash = "sha256:8eb9e2bc2f8c97e37a2dc85a09ecdcdec9d8a396530a6d5a33b30b9a92da0c5c"},
]
executing = []
fonttools = []
ipykernel = []
ipython = [
    {file = "ipython-8.4.0-py3-none-any.whl", hash = "sha256:7ca74052a38fa25fe9bedf52da0be7d3fdd2fb027c3b778ea78dfe8c212937d1"},
    {file = "ipython-8.4.0.tar.gz", hash = "sha256:f2db3a10254241d9b447232cec8b424847f338d9d36f9a577a6192c332a46abd"},
]
jedi = [
    {file = "jedi-0.18.1-py2.py3-none-any.whl", hash = "sha256:637c9635fcf47945ceb91cd7f320234a7be540ded6f3e99a50cb6febdfd1ba8d"},
    {file = "jedi-0.18.1.tar.gz", hash = "sha256:74137626a64a99c8eb6ae5832d99b3bdd7d29a3850fe2aa80a4126b2a7d949ab"},
]
jupyter-client = [
    {file = "jupyter_client-7.3.4-py3-none-any.whl", hash = "sha256:17d74b0d0a7b24f1c8c527b24fcf4607c56bee542ffe8e3418e50b21e514b621"},
    {file = "jupyter_client-7.3.4.tar.gz", hash = "sha256:aa9a6c32054b290374f95f73bb0cae91455c58dfb84f65c8591912b8f65e6d56"},
]
jupyter-core = []
kiwisolver = []
matplotlib = []
matplotlib-inline = [
    {file = "matplotlib-inline-0.1.3.tar.gz", hash = "sha256:a04bfba22e0d1395479f866853ec1ee28eea1485c1d69a6faf00dc3e24ff34ee"},
    {file = "matplotlib_inline-0.1.3-py3-none-any.whl", hash = "sha256:aed605ba3b72462d64d475a21a9296f400a19c4f74a31b59103d2a99ffd5aa5c"},
]
mplfinance = []
nest-asyncio = [
    {file = "nest_asyncio-1.5.5-py3-none-any.whl", hash = "sha256:b98e3ec1b246135e4642eceffa5a6c23a3ab12c82ff816a92c612d68205813b2"},
    {file = "nest_asyncio-1.5.5.tar.gz", hash = "sha256:e442291cd942698be619823a17a86a5759eabe1f8613084790de189fe9e16d65"},
]
numpy = []
openpyxl = [
    {file = "openpyxl-3.0.10-py2.py3-none-any.whl", hash = "sha256:0ab6d25d01799f97a9464630abacbb34aafecdcaa0ef3cba6d6b3499867d0355"},
    {file = "openpyxl-3.0.10.tar.gz", hash = "sha256:e47805627aebcf860edb4edf7987b1309c1b3632f3750538ed962bbcc3bd7449"},
]
packaging = [
    {file = "packaging-21.3-py3-none-any.whl", hash = "sha256:ef103e05f519cdc783ae24ea4e2e0f508a9c99b2d4969652eed6a2e1ea5bd522"},
    {file = "packaging-21.3.tar.gz", hash = "sha256:dd47c42927d89ab911e606518907cc2d3a1f38bbd026385970643f9c5b8ecfeb"},
]
pandas = []
parso = [
    {file = "parso-0.8.3-py2.py3-none-any.whl", hash = "sha256:c001d4636cd3aecdaf33cbb40aebb59b094be2a74c556778ef5576c175e19e75"},
    {file = "parso-0.8.3.tar.gz", hash = "sha256:8c07be290bb59f03588915921e29e8a50002acaf2cdc5fa0e0114f91709fafa0"},
]
pexpect = [
    {file = "pexpect-4.8.0-py2.py3-none-any.whl", hash = "sha256:0b48a55dcb3c05f3329815901ea4fc1537514d6ba867a152b581d69ae3710937"},
    {file = "pexpect-4.8.0.tar.gz", hash = "sha256:fc65a43959d153d0114afe13997d439c22823a27cefceb5ff35c2178c6784c0c"},
]
pickleshare = [
    {file = "pickleshare-0.7.5-py2.py3-none-any.whl", hash = "sha256:9649af414d74d4df115d5d718f82acb59c9d418196b7b4290ed47a12ce62df56"},
    {file = "pickleshare-0.7.5.tar.gz", hash = "sha256:87683d47965c1da65cdacaf31c8441d12b8044cdec9aca500cd78fc2c683afca"},
]
pillow = []
prompt-toolkit = []
psutil = [
    {file = "psutil-5.9.1-cp27-cp27m-manylinux2010_i686.whl", hash = "sha256:799759d809c31aab5fe4579e50addf84565e71c1dc9f1c31258f159ff70d3f87"},
    {file = "psutil-5.9.1-cp27-cp27m-manylinux2010_x86_64.whl", hash = "sha256:9272167b5f5fbfe16945be3db475b3ce8d792386907e673a209da686176552af"},
    {file = "psutil-5.9.1-cp27-cp27m-win32.whl", hash = "sha256:0904727e0b0a038830b019551cf3204dd48ef5c6868adc776e06e93d615fc5fc"},
    {file = "psutil-5.9.1-cp27-cp27m-win_amd64.whl", hash = "sha256:e7e10454cb1ab62cc6ce776e1c135a64045a11ec4c6d254d3f7689c16eb3efd2"},
    {file = "psutil-5.9.1-cp27-cp27mu-manylinux2010_i686.whl", hash = "sha256:56960b9e8edcca1456f8c86a196f0c3d8e3e361320071c93378d41445ffd28b0"},
    {file = "psutil-5.9.1-cp27-cp27mu-manylinux2010_x86_64.whl", hash = "sha256:44d1826150d49ffd62035785a9e2c56afcea66e55b43b8b630d7706276e87f22"},
    {file = "psutil-5.9.1-cp310-cp310-macosx_10_9_x86_64.whl", hash = "sha256:c7be9d7f5b0d206f0bbc3794b8e16fb7dbc53ec9e40bbe8787c6f2d38efcf6c9"},
    {file = "psutil-5.9.1-cp310-cp310-manylinux_2_12_i686.manylinux2010_i686.manylinux_2_17_i686.manylinux2014_i686.whl", hash = "sha256:abd9246e4cdd5b554a2ddd97c157e292ac11ef3e7af25ac56b08b455c829dca8"},
    {file = "psutil-5.9.1-cp310-cp310-manylinux_2_12_x86_64.manylinux2010_x86_64.manylinux_2_17_x86_64.manylinux2014_x86_64.whl", hash = "sha256:29a442e25fab1f4d05e2655bb1b8ab6887981838d22effa2396d584b740194de"},
    {file = "psutil-5.9.1-cp310-cp310-win32.whl", hash = "sha256:20b27771b077dcaa0de1de3ad52d22538fe101f9946d6dc7869e6f694f079329"},
    {file = "psutil-5.9.1-cp310-cp310-win_amd64.whl", hash = "sha256:58678bbadae12e0db55186dc58f2888839228ac9f41cc7848853539b70490021"},
    {file = "psutil-5.9.1-cp36-cp36m-macosx_10_9_x86_64.whl", hash = "sha256:3a76ad658641172d9c6e593de6fe248ddde825b5866464c3b2ee26c35da9d237"},
    {file = "psutil-5.9.1-cp36-cp36m-manylinux_2_12_i686.manylinux2010_i686.manylinux_2_17_i686.manylinux2014_i686.whl", hash = "sha256:a6a11e48cb93a5fa606306493f439b4aa7c56cb03fc9ace7f6bfa21aaf07c453"},
    {file = "psutil-5.9.1-cp36-cp36m-manylinux_2_12_x86_64.manylinux2010_x86_64.manylinux_2_17_x86_64.manylinux2014_x86_64.whl", hash = "sha256:068935df39055bf27a29824b95c801c7a5130f118b806eee663cad28dca97685"},
    {file = "psutil-5.9.1-cp36-cp36m-win32.whl", hash = "sha256:0f15a19a05f39a09327345bc279c1ba4a8cfb0172cc0d3c7f7d16c813b2e7d36"},
    {file = "psutil-5.9.1-cp36-cp36m-win_amd64.whl", hash = "sha256:db417f0865f90bdc07fa30e1aadc69b6f4cad7f86324b02aa842034efe8d8c4d"},
    {file = "psutil-5.9.1-cp37-cp37m-macosx_10_9_x86_64.whl", hash = "sha256:91c7ff2a40c373d0cc9121d54bc5f31c4fa09c346528e6a08d1845bce5771ffc"},
    {file = "psutil-5.9.1-cp37-cp37m-manylinux_2_12_i686.manylinux2010_i686.manylinux_2_17_i686.manylinux2014_i686.whl", hash = "sha256:fea896b54f3a4ae6f790ac1d017101252c93f6fe075d0e7571543510f11d2676"},
    {file = "psutil-5.9.1-cp37-cp37m-manylinux_2_12_x86_64.manylinux2010_x86_64.manylinux_2_17_x86_64.manylinux2014_x86_64.whl", hash = "sha256:3054e923204b8e9c23a55b23b6df73a8089ae1d075cb0bf711d3e9da1724ded4"},
    {file = "psutil-5.9.1-cp37-cp37m-win32.whl", hash = "sha256:d2d006286fbcb60f0b391741f520862e9b69f4019b4d738a2a45728c7e952f1b"},
    {file = "psutil-5.9.1-cp37-cp37m-win_amd64.whl", hash = "sha256:b14ee12da9338f5e5b3a3ef7ca58b3cba30f5b66f7662159762932e6d0b8f680"},
    {file = "psutil-5.9.1-cp38-cp38-macosx_10_9_x86_64.whl", hash = "sha256:19f36c16012ba9cfc742604df189f2f28d2720e23ff7d1e81602dbe066be9fd1"},
    {file = "psutil-5.9.1-cp38-cp38-manylinux_2_12_i686.manylinux2010_i686.manylinux_2_17_i686.manylinux2014_i686.whl", hash = "sha256:944c4b4b82dc4a1b805329c980f270f170fdc9945464223f2ec8e57563139cf4"},
    {file = "psutil-5.9.1-cp38-cp38-manylinux_2_12_x86_64.manylinux2010_x86_64.manylinux_2_17_x86_64.manylinux2014_x86_64.whl", hash = "sha256:4b6750a73a9c4a4e689490ccb862d53c7b976a2a35c4e1846d049dcc3f17d83b"},
    {file = "psutil-5.9.1-cp38-cp38-win32.whl", hash = "sha256:a8746bfe4e8f659528c5c7e9af5090c5a7d252f32b2e859c584ef7d8efb1e689"},
    {file = "psutil-5.9.1-cp38-cp38-win_amd64.whl", hash = "sha256:79c9108d9aa7fa6fba6e668b61b82facc067a6b81517cab34d07a84aa89f3df0"},
    {file = "psutil-5.9.1-cp39-cp39-macosx_10_9_x86_64.whl", hash = "sha256:28976df6c64ddd6320d281128817f32c29b539a52bdae5e192537bc338a9ec81"},
    {file = "psutil-5.9.1-cp39-cp39-manylinux_2_12_i686.manylinux2010_i686.manylinux_2_17_i686.manylinux2014_i686.whl", hash = "sha256:b88f75005586131276634027f4219d06e0561292be8bd6bc7f2f00bdabd63c4e"},
    {file = "psutil-5.9.1-cp39-cp39-manylinux_2_12_x86_64.manylinux2010_x86_64.manylinux_2_17_x86_64.manylinux2014_x86_64.whl", hash = "sha256:645bd4f7bb5b8633803e0b6746ff1628724668681a434482546887d22c7a9537"},
    {file = "psutil-5.9.1-cp39-cp39-win32.whl", hash = "sha256:32c52611756096ae91f5d1499fe6c53b86f4a9ada147ee42db4991ba1520e574"},
    {file = "psutil-5.9.1-cp39-cp39-win_amd64.whl", hash = "sha256:f65f9a46d984b8cd9b3750c2bdb419b2996895b005aefa6cbaba9a143b1ce2c5"},
    {file = "psutil-5.9.1.tar.gz", hash = "sha256:57f1819b5d9e95cdfb0c881a8a5b7d542ed0b7c522d575706a80bedc848c8954"},
]
ptyprocess = [
    {file = "ptyprocess-0.7.0-py2.py3-none-any.whl", hash = "sha256:4b41f3967fce3af57cc7e94b888626c18bf37a083e3651ca8feeb66d492fef35"},
    {file = "ptyprocess-0.7.0.tar.gz", hash = "sha256:5c5d0a3b48ceee0b48485e0c26037c0acd7d29765ca3fbb5cb3831d347423220"},
]
pure-eval = [
    {file = "pure_eval-0.2.2-py3-none-any.whl", hash = "sha256:01eaab343580944bc56080ebe0a674b39ec44a945e6d09ba7db3cb8cec289350"},
    {file = "pure_eval-0.2.2.tar.gz", hash = "sha256:2b45320af6dfaa1750f543d714b6d1c520a1688dec6fd24d339063ce0aaa9ac3"},
]
py = [
    {file = "py-1.11.0-py2.py3-none-any.whl", hash = "sha256:607c53218732647dff4acdfcd50cb62615cedf612e72d1724fb1a0cc6405b378"},
    {file = "py-1.11.0.tar.gz", hash = "sha256:51c75c4126074b472f746a24399ad32f6053d1b34b68d2fa41e558e6f4a98719"},
]
pycparser = [
    {file = "pycparser-2.21-py2.py3-none-any.whl", hash = "sha256:8ee45429555515e1f6b185e78100aea234072576aa43ab53aefcae078162fca9"},
    {file = "pycparser-2.21.tar.gz", hash = "sha256:e644fdec12f7872f86c58ff790da456218b10f863970249516d60a5eaca77206"},
]
pygments = [
    {file = "Pygments-2.12.0-py3-none-any.whl", hash = "sha256:dc9c10fb40944260f6ed4c688ece0cd2048414940f1cea51b8b226318411c519"},
    {file = "Pygments-2.12.0.tar.gz", hash = "sha256:5eb116118f9612ff1ee89ac96437bb6b49e8f04d8a13b514ba26f620208e26eb"},
]
pyparsing = [
    {file = "pyparsing-3.0.9-py3-none-any.whl", hash = "sha256:5026bae9a10eeaefb61dab2f09052b9f4307d44aee4eda64b309723d8d206bbc"},
    {file = "pyparsing-3.0.9.tar.gz", hash = "sha256:2b020ecf7d21b687f219b71ecad3631f644a47f01403fa1d1036b0c6416d70fb"},
]
pyside2 = [
    {file = "PySide2-5.15.2.1-5.15.2-cp27-cp27m-macosx_10_13_intel.whl", hash = "sha256:b5e1d92f26b0bbaefff67727ccbb2e1b577f2c0164b349b3d6e80febb4c5bde2"},
    {file = "PySide2-5.15.2.1-5.15.2-cp27-cp27mu-manylinux1_x86_64.whl", hash = "sha256:235240b6ec8206d9fdf0232472c6ef3241783d480425e5b54796f06e39ed23da"},
    {file = "PySide2-5.15.2.1-5.15.2-cp35.cp36.cp37.cp38.cp39.cp310-abi3-macosx_10_13_intel.whl", hash = "sha256:a9e2e6bbcb5d2ebb421e46e72244a0f4fe0943b2288115f80a863aacc1de1f06"},
    {file = "PySide2-5.15.2.1-5.15.2-cp35.cp36.cp37.cp38.cp39.cp310-abi3-manylinux1_x86_64.whl", hash = "sha256:23886c6391ebd916e835fa1b5ae66938048504fd3a2934ae3189a96cd5ac0b46"},
    {file = "PySide2-5.15.2.1-5.15.2-cp35.cp36.cp37.cp38.cp39.cp310-none-win32.whl", hash = "sha256:439509e53cfe05abbf9a99422a2cbad086408b0f9bf5e6f642ff1b13b1f8b055"},
    {file = "PySide2-5.15.2.1-5.15.2-cp35.cp36.cp37.cp38.cp39.cp310-none-win_amd64.whl", hash = "sha256:af6b263fe63ba6dea7eaebae80aa7b291491fe66f4f0057c0aafe780cc83da9d"},
]
python-dateutil = [
    {file = "python-dateutil-2.8.2.tar.gz", hash = "sha256:0123cacc1627ae19ddf3c27a5de5bd67ee4586fbdd6440d9748f8abb483d3e86"},
    {file = "python_dateutil-2.8.2-py2.py3-none-any.whl", hash = "sha256:961d03dc3453ebbc59dbdea9e4e11c5651520a876d0f4db161e8674aae935da9"},
]
pytz = []
pywin32 = [
    {file = "pywin32-304-cp310-cp310-win32.whl", hash = "sha256:3c7bacf5e24298c86314f03fa20e16558a4e4138fc34615d7de4070c23e65af3"},
    {file = "pywin32-304-cp310-cp310-win_amd64.whl", hash = "sha256:4f32145913a2447736dad62495199a8e280a77a0ca662daa2332acf849f0be48"},
    {file = "pywin32-304-cp310-cp310-win_arm64.whl", hash = "sha256:d3ee45adff48e0551d1aa60d2ec066fec006083b791f5c3527c40cd8aefac71f"},
    {file = "pywin32-304-cp311-cp311-win32.whl", hash = "sha256:30c53d6ce44c12a316a06c153ea74152d3b1342610f1b99d40ba2795e5af0269"},
    {file = "pywin32-304-cp311-cp311-win_amd64.whl", hash = "sha256:7ffa0c0fa4ae4077e8b8aa73800540ef8c24530057768c3ac57c609f99a14fd4"},
    {file = "pywin32-304-cp311-cp311-win_arm64.whl", hash = "sha256:cbbe34dad39bdbaa2889a424d28752f1b4971939b14b1bb48cbf0182a3bcfc43"},
    {file = "pywin32-304-cp36-cp36m-win32.whl", hash = "sha256:be253e7b14bc601718f014d2832e4c18a5b023cbe72db826da63df76b77507a1"},
    {file = "pywin32-304-cp36-cp36m-win_amd64.whl", hash = "sha256:de9827c23321dcf43d2f288f09f3b6d772fee11e809015bdae9e69fe13213988"},
    {file = "pywin32-304-cp37-cp37m-win32.whl", hash = "sha256:f64c0377cf01b61bd5e76c25e1480ca8ab3b73f0c4add50538d332afdf8f69c5"},
    {file = "pywin32-304-cp37-cp37m-win_amd64.whl", hash = "sha256:bb2ea2aa81e96eee6a6b79d87e1d1648d3f8b87f9a64499e0b92b30d141e76df"},
    {file = "pywin32-304-cp38-cp38-win32.whl", hash = "sha256:94037b5259701988954931333aafd39cf897e990852115656b014ce72e052e96"},
    {file = "pywin32-304-cp38-cp38-win_amd64.whl", hash = "sha256:ead865a2e179b30fb717831f73cf4373401fc62fbc3455a0889a7ddac848f83e"},
    {file = "pywin32-304-cp39-cp39-win32.whl", hash = "sha256:25746d841201fd9f96b648a248f731c1dec851c9a08b8e33da8b56148e4c65cc"},
    {file = "pywin32-304-cp39-cp39-win_amd64.whl", hash = "sha256:d24a3382f013b21aa24a5cfbfad5a2cd9926610c0affde3e8ab5b3d7dbcf4ac9"},
]
pyzmq = [
    {file = "pyzmq-23.2.0-cp310-cp310-macosx_10_15_universal2.whl", hash = "sha256:22ac0243a41798e3eb5d5714b28c2f28e3d10792dffbc8a5fca092f975fdeceb"},
    {file = "pyzmq-23.2.0-cp310-cp310-macosx_10_9_x86_64.whl", hash = "sha256:f685003d836ad0e5d4f08d1e024ee3ac7816eb2f873b2266306eef858f058133"},
    {file = "pyzmq-23.2.0-cp310-cp310-manylinux_2_12_i686.manylinux2010_i686.whl", hash = "sha256:d4651de7316ec8560afe430fb042c0782ed8ac54c0be43a515944d7c78fddac8"},
    {file = "pyzmq-23.2.0-cp310-cp310-manylinux_2_12_x86_64.manylinux2010_x86_64.whl", hash = "sha256:bcc6953e47bcfc9028ddf9ab2a321a3c51d7cc969db65edec092019bb837959f"},
    {file = "pyzmq-23.2.0-cp310-cp310-manylinux_2_17_aarch64.manylinux2014_aarch64.whl", hash = "sha256:0e08671dc202a1880fa522f921f35ca5925ba30da8bc96228d74a8f0643ead9c"},
    {file = "pyzmq-23.2.0-cp310-cp310-manylinux_2_17_i686.manylinux2014_i686.whl", hash = "sha256:de727ea906033b30527b4a99498f19aca3f4d1073230a958679a5b726e2784e0"},
    {file = "pyzmq-23.2.0-cp310-cp310-manylinux_2_17_x86_64.manylinux2014_x86_64.whl", hash = "sha256:f5aa9da520e4bb8cee8189f2f541701405e7690745094ded7a37b425d60527ea"},
    {file = "pyzmq-23.2.0-cp310-cp310-musllinux_1_1_i686.whl", hash = "sha256:f3ff6abde52e702397949054cb5b06c1c75b5d6542f6a2ce029e46f71ffbbbf2"},
    {file = "pyzmq-23.2.0-cp310-cp310-musllinux_1_1_x86_64.whl", hash = "sha256:e2e2db5c6ef376e97c912733dfc24406f5949474d03e800d5f07b6aca4d870af"},
    {file = "pyzmq-23.2.0-cp310-cp310-win32.whl", hash = "sha256:e669913cb2179507628419ec4f0e453e48ce6f924de5884d396f18c31836089c"},
    {file = "pyzmq-23.2.0-cp310-cp310-win_amd64.whl", hash = "sha256:a3dc339f7bc185d5fd0fd976242a5baf35de404d467e056484def8a4dd95868b"},
    {file = "pyzmq-23.2.0-cp36-cp36m-macosx_10_9_x86_64.whl", hash = "sha256:30c365e60c39c53f8eea042b37ea28304ffa6558fb7241cf278745095a5757da"},
    {file = "pyzmq-23.2.0-cp36-cp36m-manylinux_2_17_aarch64.manylinux2014_aarch64.whl", hash = "sha256:8c2d8b69a2bf239ae3d987537bf3fbc2b044a405394cf4c258fc684971dd48b2"},
    {file = "pyzmq-23.2.0-cp36-cp36m-manylinux_2_5_i686.manylinux1_i686.whl", hash = "sha256:602835e5672ca9ca1d78e6c148fb28c4f91b748ebc41fbd2f479d8763d58bc9b"},
    {file = "pyzmq-23.2.0-cp36-cp36m-manylinux_2_5_x86_64.manylinux1_x86_64.whl", hash = "sha256:831da96ba3f36cc892f0afbb4fb89b28b61b387261676e55d55a682addbd29f7"},
    {file = "pyzmq-23.2.0-cp36-cp36m-musllinux_1_1_i686.whl", hash = "sha256:c8dec8a2f3f0bb462e6439df436cd8c7ec37968e90b4209ac621e7fbc0ed3b00"},
    {file = "pyzmq-23.2.0-cp36-cp36m-musllinux_1_1_x86_64.whl", hash = "sha256:814e5aaf0c3be9991a59066eafb2d6e117aed6b413e3e7e9be45d4e55f5e2748"},
    {file = "pyzmq-23.2.0-cp36-cp36m-win32.whl", hash = "sha256:8496a2a5efd055c61ac2c6a18116c768a25c644b6747dcfde43e91620ab3453c"},
    {file = "pyzmq-23.2.0-cp36-cp36m-win_amd64.whl", hash = "sha256:60746a7e8558655420a69441c0a1d47ed225ed3ac355920b96a96d0554ef7e6b"},
    {file = "pyzmq-23.2.0-cp37-cp37m-macosx_10_9_x86_64.whl", hash = "sha256:5cb642e94337b0c76c9c8cb9bfb0f8a78654575847d080d3e1504f312d691fc3"},
    {file = "pyzmq-23.2.0-cp37-cp37m-manylinux_2_17_aarch64.manylinux2014_aarch64.whl", hash = "sha256:444f7d615d5f686d0ef508b9edfa8a286e6d89f449a1ba37b60ef69d869220a3"},
    {file = "pyzmq-23.2.0-cp37-cp37m-manylinux_2_5_i686.manylinux1_i686.whl", hash = "sha256:c9638e0057e3f1a8b7c5ce33c7575349d9183a033a19b5676ad55096ae36820b"},
    {file = "pyzmq-23.2.0-cp37-cp37m-manylinux_2_5_x86_64.manylinux1_x86_64.whl", hash = "sha256:004a431dfa0459123e6f4660d7e3c4ac19217d134ca38bacfffb2e78716fe944"},
    {file = "pyzmq-23.2.0-cp37-cp37m-musllinux_1_1_i686.whl", hash = "sha256:5592fb4316f895922b1cacb91b04a0fa09d6f6f19bbab4442b4d0a0825177b93"},
    {file = "pyzmq-23.2.0-cp37-cp37m-musllinux_1_1_x86_64.whl", hash = "sha256:c0a5f987d73fd9b46c3d180891f829afda714ab6bab30a1218724d4a0a63afd8"},
    {file = "pyzmq-23.2.0-cp37-cp37m-win32.whl", hash = "sha256:d11628212fd731b8986f1561d9bb3f8c38d9c15b330c3d8a88963519fbcd553b"},
    {file = "pyzmq-23.2.0-cp37-cp37m-win_amd64.whl", hash = "sha256:558f5f636e3e65f261b64925e8b190e8689e334911595394572cc7523879006d"},
    {file = "pyzmq-23.2.0-cp38-cp38-macosx_10_9_x86_64.whl", hash = "sha256:61b97f624da42813f74977425a3a6144d604ea21cf065616d36ea3a866d92c1c"},
    {file = "pyzmq-23.2.0-cp38-cp38-manylinux_2_12_i686.manylinux2010_i686.whl", hash = "sha256:693c96ae4d975eb8efa1639670e9b1fac0c3f98b7845b65c0f369141fb4bb21f"},
    {file = "pyzmq-23.2.0-cp38-cp38-manylinux_2_12_x86_64.manylinux2010_x86_64.whl", hash = "sha256:2b054525c9f7e240562185bf21671ca16d56bde92e9bd0f822c07dec7626b704"},
    {file = "pyzmq-23.2.0-cp38-cp38-manylinux_2_17_aarch64.manylinux2014_aarch64.whl", hash = "sha256:859059caf564f0c9398c9005278055ed3d37af4d73de6b1597821193b04ca09b"},
    {file = "pyzmq-23.2.0-cp38-cp38-musllinux_1_1_i686.whl", hash = "sha256:8355744fdbdeac5cfadfa4f38b82029b5f2b8cab7472a33453a217a7f3a9dce2"},
    {file = "pyzmq-23.2.0-cp38-cp38-musllinux_1_1_x86_64.whl", hash = "sha256:420b9abd1a7330687a095373b8280a20cdee04342fbc8ccb3b56d9ec8efd4e62"},
    {file = "pyzmq-23.2.0-cp38-cp38-win32.whl", hash = "sha256:59928dfebe93cf1e203e3cb0fd5d5dd384da56b99c8305f2e1b0a933751710f6"},
    {file = "pyzmq-23.2.0-cp38-cp38-win_amd64.whl", hash = "sha256:c882f1d4f96fbd807e92c334251d8ebd159a1ef89059ccd386ddea83fdb91bd8"},
    {file = "pyzmq-23.2.0-cp39-cp39-macosx_10_15_universal2.whl", hash = "sha256:ced12075cdf3c7332ecc1960f77f7439d5ebb8ea20bbd3c34c8299e694f1b0a1"},
    {file = "pyzmq-23.2.0-cp39-cp39-macosx_10_9_x86_64.whl", hash = "sha256:3a4d87342c2737fbb9eee5c33c792db27b36b04957b4e6b7edd73a5b239a2a13"},
    {file = "pyzmq-23.2.0-cp39-cp39-manylinux_2_12_i686.manylinux2010_i686.whl", hash = "sha256:99cedf38eaddf263cf7e2a50e405f12c02cedf6d9df00a0d9c5d7b9417b57f76"},
    {file = "pyzmq-23.2.0-cp39-cp39-manylinux_2_12_x86_64.manylinux2010_x86_64.whl", hash = "sha256:d1610260cc672975723fcf7705c69a95f3b88802a594c9867781bedd9b13422c"},
    {file = "pyzmq-23.2.0-cp39-cp39-manylinux_2_17_aarch64.manylinux2014_aarch64.whl", hash = "sha256:c223a13555444707a0a7ebc6f9ee63053147c8c082bd1a31fd1207a03e8b0500"},
    {file = "pyzmq-23.2.0-cp39-cp39-musllinux_1_1_i686.whl", hash = "sha256:f5fdb00d65ec44b10cc6b9b6318ef1363b81647a4aa3270ca39565eadb2d1201"},
    {file = "pyzmq-23.2.0-cp39-cp39-musllinux_1_1_x86_64.whl", hash = "sha256:984b232802eddf9f0be264a4d57a10b3a1fd7319df14ee6fc7b41c6d155a3e6c"},
    {file = "pyzmq-23.2.0-cp39-cp39-win32.whl", hash = "sha256:f146648941cadaaaf01254a75651a23c08159d009d36c5af42a7cc200a5e53ec"},
    {file = "pyzmq-23.2.0-cp39-cp39-win_amd64.whl", hash = "sha256:83005d8928f8a5cebcfb33af3bfb84b1ad65d882b899141a331cc5d07d89f093"},
    {file = "pyzmq-23.2.0-pp37-pypy37_pp73-macosx_10_9_x86_64.whl", hash = "sha256:fee86542dc4ee8229e023003e3939b4d58cc2453922cf127778b69505fc9064b"},
    {file = "pyzmq-23.2.0-pp37-pypy37_pp73-manylinux_2_12_i686.manylinux2010_i686.whl", hash = "sha256:5d57542429df6acff02ff022067aa75b677603cee70e3abb9742787545eec966"},
    {file = "pyzmq-23.2.0-pp37-pypy37_pp73-manylinux_2_12_x86_64.manylinux2010_x86_64.whl", hash = "sha256:057b154471e096e2dda147f7b057041acc303bb7ca4aa24c3b88c6cecdd78717"},
    {file = "pyzmq-23.2.0-pp37-pypy37_pp73-win_amd64.whl", hash = "sha256:5d92e7cbeab7f70b08cc0f27255b0bb2500afc30f31075bca0b1cb87735d186c"},
    {file = "pyzmq-23.2.0-pp38-pypy38_pp73-macosx_10_9_x86_64.whl", hash = "sha256:eb4a573a8499685d62545e806d8fd143c84ac8b3439f925cd92c8763f0ed9bd7"},
    {file = "pyzmq-23.2.0-pp38-pypy38_pp73-manylinux_2_12_i686.manylinux2010_i686.whl", hash = "sha256:da338e2728410d74ddeb1479ec67cfba73311607037455a40f92b6f5c62bf11d"},
    {file = "pyzmq-23.2.0-pp38-pypy38_pp73-manylinux_2_12_x86_64.manylinux2010_x86_64.whl", hash = "sha256:1b2a21f595f8cc549abd6c8de1fcd34c83441e35fb24b8a59bf161889c62a486"},
    {file = "pyzmq-23.2.0-pp38-pypy38_pp73-win_amd64.whl", hash = "sha256:8c0f4d6f8c985bab83792be26ff3233940ba42e22237610ac50cbcfc10a5c235"},
    {file = "pyzmq-23.2.0-pp39-pypy39_pp73-macosx_10_9_x86_64.whl", hash = "sha256:bbabd1df23bf63ae829e81200034c0e433499275a6ed29ca1a912ea7629426d9"},
    {file = "pyzmq-23.2.0-pp39-pypy39_pp73-manylinux_2_17_i686.manylinux2014_i686.whl", hash = "sha256:21552624ce69e69f7924f413b802b1fb554f4c0497f837810e429faa1cd4f163"},
    {file = "pyzmq-23.2.0-pp39-pypy39_pp73-manylinux_2_17_x86_64.manylinux2014_x86_64.whl", hash = "sha256:c616893a577e9d6773a3836732fd7e2a729157a108b8fccd31c87512fa01671a"},
    {file = "pyzmq-23.2.0-pp39-pypy39_pp73-win_amd64.whl", hash = "sha256:ce4f71e17fa849de41a06109030d3f6815fcc33338bf98dd0dde6d456d33c929"},
    {file = "pyzmq-23.2.0.tar.gz", hash = "sha256:a51f12a8719aad9dcfb55d456022f16b90abc8dde7d3ca93ce3120b40e3fa169"},
]
setuptools-scm = []
shiboken2 = [
    {file = "shiboken2-5.15.2.1-5.15.2-cp27-cp27m-macosx_10_13_intel.whl", hash = "sha256:f890f5611ab8f48b88cfecb716da2ac55aef99e2923198cefcf781842888ea65"},
    {file = "shiboken2-5.15.2.1-5.15.2-cp27-cp27mu-manylinux1_x86_64.whl", hash = "sha256:87079c07587859a525b9800d60b1be971338ce9b371d6ead81f15ee5a46d448b"},
    {file = "shiboken2-5.15.2.1-5.15.2-cp35.cp36.cp37.cp38.cp39.cp310-abi3-macosx_10_13_intel.whl", hash = "sha256:ffd3d0ec3d508e592d7ee3885d27fee1f279a49989f734eb130f46d9501273a9"},
    {file = "shiboken2-5.15.2.1-5.15.2-cp35.cp36.cp37.cp38.cp39.cp310-abi3-manylinux1_x86_64.whl", hash = "sha256:63debfcc531b6a2b4985aa9b71433d2ad3bac542acffc729cc0ecaa3854390c0"},
    {file = "shiboken2-5.15.2.1-5.15.2-cp35.cp36.cp37.cp38.cp39.cp310-none-win32.whl", hash = "sha256:eb0da44b6fa60c6bd317b8f219e500595e94e0322b33ec5b4e9f406bedaee555"},
    {file = "shiboken2-5.15.2.1-5.15.2-cp35.cp36.cp37.cp38.cp39.cp310-none-win_amd64.whl", hash = "sha256:a0d0fdeb12b72c8af349b9642ccc67afd783dca449309f45e78cda50272fd6b7"},
]
six = [
    {file = "six-1.16.0-py2.py3-none-any.whl", hash = "sha256:8abb2f1d86890a2dfb989f9a77cfcfd3e47c2a354b01111771326f8aa26e0254"},
    {file = "six-1.16.0.tar.gz", hash = "sha256:1e61c37477a1626458e36f7b1d82aa5c9b094fa4802892072e49de9c60c4c926"},
]
stack-data = [
    {file = "stack_data-0.3.0-py3-none-any.whl", hash = "sha256:aa1d52d14d09c7a9a12bb740e6bdfffe0f5e8f4f9218d85e7c73a8c37f7ae38d"},
    {file = "stack_data-0.3.0.tar.gz", hash = "sha256:77bec1402dcd0987e9022326473fdbcc767304892a533ed8c29888dacb7dddbc"},
]
tomli = [
    {file = "tomli-2.0.1-py3-none-any.whl", hash = "sha256:939de3e7a6161af0c887ef91b7d41a53e7c5a1ca976325f429cb46ea9bc30ecc"},
    {file = "tomli-2.0.1.tar.gz", hash = "sha256:de526c12914f0c550d15924c62d72abc48d6fe7364aa87328337a31007fe8a4f"},
]
tornado = []
traitlets = [
    {file = "traitlets-5.3.0-py3-none-any.whl", hash = "sha256:65fa18961659635933100db8ca120ef6220555286949774b9cfc106f941d1c7a"},
    {file = "traitlets-5.3.0.tar.gz", hash = "sha256:0bb9f1f9f017aa8ec187d8b1b2a7a6626a2a1d877116baba52a129bfa124f8e2"},
]
typing-extensions = []
wcwidth = [
    {file = "wcwidth-0.2.5-py2.py3-none-any.whl", hash = "sha256:beb4802a9cebb9144e99086eff703a642a13d6a0052920003a230f3294bbe784"},
    {file = "wcwidth-0.2.5.tar.gz", hash = "sha256:c4d647b99872929fdb7bdcaa4fbe7f01413ed3d98077df798530e5b04f116c83"},
]
